<?xml version="1.0" encoding="utf-8"?>
<Project ToolsVersion="4.0" xmlns="http://schemas.microsoft.com/developer/msbuild/2003">
  <ItemGroup>
    <ClCompile Include="Main.cpp" />
    <ClCompile Include="Game\Game.cpp">
      <Filter>Game</Filter>
    </ClCompile>
    <ClCompile Include="Game\GameObjects\Enemy.cpp">
      <Filter>Game\GameObjects</Filter>
    </ClCompile>
    <ClCompile Include="Game\GameObjects\Background.cpp">
      <Filter>Game\GameObjects</Filter>
    </ClCompile>
    <ClCompile Include="Game\GameObjects\Player.cpp">
      <Filter>Game\GameObjects</Filter>
    </ClCompile>
    <ClCompile Include="Game\GameObjects\Plane.cpp">
      <Filter>Game\GameObjects</Filter>
    </ClCompile>
    <ClCompile Include="Game\GameObjects\Menu.cpp">
      <Filter>Game\GameObjects</Filter>
    </ClCompile>
    <ClCompile Include="Game\GameObjects\Projectile.cpp">
      <Filter>Game\GameObjects</Filter>
    </ClCompile>
    <ClCompile Include="Core\Maths\Vector2.cpp">
      <Filter>Core\Maths</Filter>
    </ClCompile>
    <ClCompile Include="Core\Maths\Vector3.cpp">
      <Filter>Core\Maths</Filter>
    </ClCompile>
    <ClCompile Include="Core\Renderer\ASCIIRenderer.cpp">
      <Filter>Core\Renderer</Filter>
    </ClCompile>
    <ClCompile Include="Core\Renderer\SpriteAnimation.cpp">
      <Filter>Core\Renderer</Filter>
    </ClCompile>
    <ClCompile Include="Core\TextureArray.cpp">
      <Filter>Core\Renderer</Filter>
    </ClCompile>
    <ClCompile Include="Core\Texture.cpp">
      <Filter>Core\Renderer</Filter>
    </ClCompile>
    <ClCompile Include="Core\Renderer\SpriteText.cpp">
      <Filter>Core\Renderer</Filter>
    </ClCompile>
    <ClCompile Include="Core\Renderer\Sprite.cpp">
      <Filter>Core\Renderer</Filter>
    </ClCompile>
    <ClCompile Include="Core\TGAFile.cpp">
      <Filter>Core</Filter>
    </ClCompile>
    <ClCompile Include="HealthDisplay.cpp">
      <Filter>Game\GameObjects</Filter>
    </ClCompile>
  </ItemGroup>
  <ItemGroup>
    <ClInclude Include="Game\GameStates.h">
      <Filter>Game</Filter>
    </ClInclude>
    <ClInclude Include="Game\Game.h">
      <Filter>Game</Filter>
    </ClInclude>
    <ClInclude Include="Game\GameObjects\Enemy.h">
      <Filter>Game\GameObjects</Filter>
    </ClInclude>
    <ClInclude Include="Game\GameObjects\Background.h">
      <Filter>Game\GameObjects</Filter>
    </ClInclude>
    <ClInclude Include="Game\GameObjects\Player.h">
      <Filter>Game\GameObjects</Filter>
    </ClInclude>
    <ClInclude Include="Game\GameObjects\Plane.h">
      <Filter>Game\GameObjects</Filter>
    </ClInclude>
    <ClInclude Include="Game\GameObjects\Menu.h">
      <Filter>Game\GameObjects</Filter>
    </ClInclude>
    <ClInclude Include="Game\GameObjects\Projectile.h">
      <Filter>Game\GameObjects</Filter>
    </ClInclude>
    <ClInclude Include="Core\Maths\Vec2.h">
      <Filter>Core\Maths</Filter>
    </ClInclude>
    <ClInclude Include="Core\Maths\Vector2.h">
      <Filter>Core\Maths</Filter>
    </ClInclude>
    <ClInclude Include="Core\Maths\Vector3.h">
      <Filter>Core\Maths</Filter>
    </ClInclude>
    <ClInclude Include="Core\Renderer\ASCIIRenderer.h">
      <Filter>Core\Renderer</Filter>
    </ClInclude>
    <ClInclude Include="Core\Renderer\SpriteAnimation.h">
      <Filter>Core\Renderer</Filter>
    </ClInclude>
    <ClInclude Include="Core\TextureArray.h">
      <Filter>Core\Renderer</Filter>
    </ClInclude>
    <ClInclude Include="Core\Texture.h">
      <Filter>Core\Renderer</Filter>
    </ClInclude>
    <ClInclude Include="Core\Renderer\SpriteText.h">
      <Filter>Core\Renderer</Filter>
    </ClInclude>
    <ClInclude Include="Core\Renderer\ConsoleColours.h">
      <Filter>Core\Renderer</Filter>
    </ClInclude>
    <ClInclude Include="Core\Renderer\Sprite.h">
      <Filter>Core\Renderer</Filter>
    </ClInclude>
    <ClInclude Include="Core\Utils.h">
      <Filter>Core</Filter>
    </ClInclude>
    <ClInclude Include="Core\TGAFile.h">
      <Filter>Core</Filter>
    </ClInclude>
    <ClInclude Include="Core\Timer.h">
      <Filter>Core</Filter>
    </ClInclude>
    <ClInclude Include="HealthDisplay.h">
      <Filter>Game\GameObjects</Filter>
    </ClInclude>
  </ItemGroup>
  <ItemGroup>
    <Filter Include="Game">
      <UniqueIdentifier>{ac48e28f-d93e-4c11-b97d-f2e6840180ed}</UniqueIdentifier>
    </Filter>
    <Filter Include="Game\GameObjects">
      <UniqueIdentifier>{4561a949-1fdf-4433-8229-9f895f95610e}</UniqueIdentifier>
    </Filter>
    <Filter Include="Core">
      <UniqueIdentifier>{b8d26d82-efb8-400f-8af6-3a98d3b44a03}</UniqueIdentifier>
    </Filter>
    <Filter Include="Core\Renderer">
      <UniqueIdentifier>{065fef46-8f33-4112-a433-3f0922d465ea}</UniqueIdentifier>
    </Filter>
    <Filter Include="Core\Maths">
      <UniqueIdentifier>{6f9109a4-44c1-4cdf-8f15-3298f8118c44}</UniqueIdentifier>
    </Filter>
  </ItemGroup>
</Project>